// !$*UTF8*$!
{
	archiveVersion = 1;
	classes = {
	};
	objectVersion = 50;
	objects = {

/* Begin PBXBuildFile section */
		852CEA23F2C75C2630DC7B87 /* Pods_LabUITests.framework in Frameworks */ = {isa = PBXBuildFile; fileRef = 66E378DC10DE8DCA4F7D05F3 /* Pods_LabUITests.framework */; };
		8AE2426DE7675BC8966A5E83 /* Pods_LabTests.framework in Frameworks */ = {isa = PBXBuildFile; fileRef = 7F2FDAEE1DC28DBD35F6D5A9 /* Pods_LabTests.framework */; };
		B612189D213838690081AC97 /* TutorialViewController.swift in Sources */ = {isa = PBXBuildFile; fileRef = B612189C213838690081AC97 /* TutorialViewController.swift */; };
		B612189F213855390081AC97 /* Setup.swift in Sources */ = {isa = PBXBuildFile; fileRef = B612189E213855390081AC97 /* Setup.swift */; };
		B61218A221387BED0081AC97 /* Particles.scnp in Resources */ = {isa = PBXBuildFile; fileRef = B61218A021387BED0081AC97 /* Particles.scnp */; };
		B61218A321387BED0081AC97 /* star.png in Resources */ = {isa = PBXBuildFile; fileRef = B61218A121387BED0081AC97 /* star.png */; };
		B61218A521387DB70081AC97 /* EarthNodeClass.swift in Sources */ = {isa = PBXBuildFile; fileRef = B61218A421387DB70081AC97 /* EarthNodeClass.swift */; };
		B65F1EF3213C4E4D008F0373 /* WarriorNodeClass.swift in Sources */ = {isa = PBXBuildFile; fileRef = B65F1EF2213C4E4D008F0373 /* WarriorNodeClass.swift */; };
		B65F1EF5213C59B7008F0373 /* File.swift in Sources */ = {isa = PBXBuildFile; fileRef = B65F1EF4213C59B7008F0373 /* File.swift */; };
		B665A4B42131C68300CEF9D8 /* Extension.swift in Sources */ = {isa = PBXBuildFile; fileRef = B665A4B32131C68300CEF9D8 /* Extension.swift */; };
		B6ADBD592131C34B00F8C5AF /* AppDelegate.swift in Sources */ = {isa = PBXBuildFile; fileRef = B6ADBD582131C34B00F8C5AF /* AppDelegate.swift */; };
		B6ADBD5B2131C34B00F8C5AF /* art.scnassets in Resources */ = {isa = PBXBuildFile; fileRef = B6ADBD5A2131C34B00F8C5AF /* art.scnassets */; };
		B6ADBD5D2131C34B00F8C5AF /* ViewController.swift in Sources */ = {isa = PBXBuildFile; fileRef = B6ADBD5C2131C34B00F8C5AF /* ViewController.swift */; };
		B6ADBD602131C34B00F8C5AF /* Main.storyboard in Resources */ = {isa = PBXBuildFile; fileRef = B6ADBD5E2131C34B00F8C5AF /* Main.storyboard */; };
		B6ADBD622131C34C00F8C5AF /* Assets.xcassets in Resources */ = {isa = PBXBuildFile; fileRef = B6ADBD612131C34C00F8C5AF /* Assets.xcassets */; };
		B6ADBD652131C34C00F8C5AF /* LaunchScreen.storyboard in Resources */ = {isa = PBXBuildFile; fileRef = B6ADBD632131C34C00F8C5AF /* LaunchScreen.storyboard */; };
		B6ADBD702131C34C00F8C5AF /* LabTests.swift in Sources */ = {isa = PBXBuildFile; fileRef = B6ADBD6F2131C34C00F8C5AF /* LabTests.swift */; };
		B6ADBD7B2131C34C00F8C5AF /* LabUITests.swift in Sources */ = {isa = PBXBuildFile; fileRef = B6ADBD7A2131C34C00F8C5AF /* LabUITests.swift */; };
		D6C5A491C94545D4F87328D2 /* Pods_Lab.framework in Frameworks */ = {isa = PBXBuildFile; fileRef = 2AAFDFF2D08439BC97A34E21 /* Pods_Lab.framework */; };
/* End PBXBuildFile section */

/* Begin PBXContainerItemProxy section */
		B6ADBD6C2131C34C00F8C5AF /* PBXContainerItemProxy */ = {
			isa = PBXContainerItemProxy;
			containerPortal = B6ADBD4D2131C34B00F8C5AF /* Project object */;
			proxyType = 1;
			remoteGlobalIDString = B6ADBD542131C34B00F8C5AF;
			remoteInfo = Lab;
		};
		B6ADBD772131C34C00F8C5AF /* PBXContainerItemProxy */ = {
			isa = PBXContainerItemProxy;
			containerPortal = B6ADBD4D2131C34B00F8C5AF /* Project object */;
			proxyType = 1;
			remoteGlobalIDString = B6ADBD542131C34B00F8C5AF;
			remoteInfo = Lab;
		};
/* End PBXContainerItemProxy section */

/* Begin PBXFileReference section */
		17447DBA97853C4F8B793BCE /* Pods-Lab.debug.xcconfig */ = {isa = PBXFileReference; includeInIndex = 1; lastKnownFileType = text.xcconfig; name = "Pods-Lab.debug.xcconfig"; path = "Pods/Target Support Files/Pods-Lab/Pods-Lab.debug.xcconfig"; sourceTree = "<group>"; };
		2AAFDFF2D08439BC97A34E21 /* Pods_Lab.framework */ = {isa = PBXFileReference; explicitFileType = wrapper.framework; includeInIndex = 0; path = Pods_Lab.framework; sourceTree = BUILT_PRODUCTS_DIR; };
		308E0DBC4AB32FD1083CA539 /* Pods-LabUITests.release.xcconfig */ = {isa = PBXFileReference; includeInIndex = 1; lastKnownFileType = text.xcconfig; name = "Pods-LabUITests.release.xcconfig"; path = "Pods/Target Support Files/Pods-LabUITests/Pods-LabUITests.release.xcconfig"; sourceTree = "<group>"; };
		66E378DC10DE8DCA4F7D05F3 /* Pods_LabUITests.framework */ = {isa = PBXFileReference; explicitFileType = wrapper.framework; includeInIndex = 0; path = Pods_LabUITests.framework; sourceTree = BUILT_PRODUCTS_DIR; };
		6717FEEE8E06359729D00DFA /* Pods-LabUITests.debug.xcconfig */ = {isa = PBXFileReference; includeInIndex = 1; lastKnownFileType = text.xcconfig; name = "Pods-LabUITests.debug.xcconfig"; path = "Pods/Target Support Files/Pods-LabUITests/Pods-LabUITests.debug.xcconfig"; sourceTree = "<group>"; };
		6FBA401EA87D25F21D607CF6 /* Pods-Lab.release.xcconfig */ = {isa = PBXFileReference; includeInIndex = 1; lastKnownFileType = text.xcconfig; name = "Pods-Lab.release.xcconfig"; path = "Pods/Target Support Files/Pods-Lab/Pods-Lab.release.xcconfig"; sourceTree = "<group>"; };
		7F2FDAEE1DC28DBD35F6D5A9 /* Pods_LabTests.framework */ = {isa = PBXFileReference; explicitFileType = wrapper.framework; includeInIndex = 0; path = Pods_LabTests.framework; sourceTree = BUILT_PRODUCTS_DIR; };
		B612189C213838690081AC97 /* TutorialViewController.swift */ = {isa = PBXFileReference; lastKnownFileType = sourcecode.swift; path = TutorialViewController.swift; sourceTree = "<group>"; };
		B612189E213855390081AC97 /* Setup.swift */ = {isa = PBXFileReference; lastKnownFileType = sourcecode.swift; path = Setup.swift; sourceTree = "<group>"; };
		B61218A021387BED0081AC97 /* Particles.scnp */ = {isa = PBXFileReference; lastKnownFileType = file.scp; path = Particles.scnp; sourceTree = "<group>"; };
		B61218A121387BED0081AC97 /* star.png */ = {isa = PBXFileReference; lastKnownFileType = image.png; path = star.png; sourceTree = "<group>"; };
		B61218A421387DB70081AC97 /* EarthNodeClass.swift */ = {isa = PBXFileReference; lastKnownFileType = sourcecode.swift; path = EarthNodeClass.swift; sourceTree = "<group>"; };
		B65F1EF2213C4E4D008F0373 /* WarriorNodeClass.swift */ = {isa = PBXFileReference; lastKnownFileType = sourcecode.swift; path = WarriorNodeClass.swift; sourceTree = "<group>"; };
		B65F1EF4213C59B7008F0373 /* File.swift */ = {isa = PBXFileReference; lastKnownFileType = sourcecode.swift; path = File.swift; sourceTree = "<group>"; };
		B665A4B32131C68300CEF9D8 /* Extension.swift */ = {isa = PBXFileReference; lastKnownFileType = sourcecode.swift; path = Extension.swift; sourceTree = "<group>"; };
		B6ADBD552131C34B00F8C5AF /* Lab.app */ = {isa = PBXFileReference; explicitFileType = wrapper.application; includeInIndex = 0; path = Lab.app; sourceTree = BUILT_PRODUCTS_DIR; };
		B6ADBD582131C34B00F8C5AF /* AppDelegate.swift */ = {isa = PBXFileReference; lastKnownFileType = sourcecode.swift; path = AppDelegate.swift; sourceTree = "<group>"; };
		B6ADBD5A2131C34B00F8C5AF /* art.scnassets */ = {isa = PBXFileReference; lastKnownFileType = wrapper.scnassets; path = art.scnassets; sourceTree = "<group>"; };
		B6ADBD5C2131C34B00F8C5AF /* ViewController.swift */ = {isa = PBXFileReference; lastKnownFileType = sourcecode.swift; path = ViewController.swift; sourceTree = "<group>"; };
		B6ADBD5F2131C34B00F8C5AF /* Base */ = {isa = PBXFileReference; lastKnownFileType = file.storyboard; name = Base; path = Base.lproj/Main.storyboard; sourceTree = "<group>"; };
		B6ADBD612131C34C00F8C5AF /* Assets.xcassets */ = {isa = PBXFileReference; lastKnownFileType = folder.assetcatalog; path = Assets.xcassets; sourceTree = "<group>"; };
		B6ADBD642131C34C00F8C5AF /* Base */ = {isa = PBXFileReference; lastKnownFileType = file.storyboard; name = Base; path = Base.lproj/LaunchScreen.storyboard; sourceTree = "<group>"; };
		B6ADBD662131C34C00F8C5AF /* Info.plist */ = {isa = PBXFileReference; lastKnownFileType = text.plist.xml; path = Info.plist; sourceTree = "<group>"; };
		B6ADBD6B2131C34C00F8C5AF /* LabTests.xctest */ = {isa = PBXFileReference; explicitFileType = wrapper.cfbundle; includeInIndex = 0; path = LabTests.xctest; sourceTree = BUILT_PRODUCTS_DIR; };
		B6ADBD6F2131C34C00F8C5AF /* LabTests.swift */ = {isa = PBXFileReference; lastKnownFileType = sourcecode.swift; path = LabTests.swift; sourceTree = "<group>"; };
		B6ADBD712131C34C00F8C5AF /* Info.plist */ = {isa = PBXFileReference; lastKnownFileType = text.plist.xml; path = Info.plist; sourceTree = "<group>"; };
		B6ADBD762131C34C00F8C5AF /* LabUITests.xctest */ = {isa = PBXFileReference; explicitFileType = wrapper.cfbundle; includeInIndex = 0; path = LabUITests.xctest; sourceTree = BUILT_PRODUCTS_DIR; };
		B6ADBD7A2131C34C00F8C5AF /* LabUITests.swift */ = {isa = PBXFileReference; lastKnownFileType = sourcecode.swift; path = LabUITests.swift; sourceTree = "<group>"; };
		B6ADBD7C2131C34C00F8C5AF /* Info.plist */ = {isa = PBXFileReference; lastKnownFileType = text.plist.xml; path = Info.plist; sourceTree = "<group>"; };
		BC32BEDD4625E2CF6112232E /* Pods-LabTests.debug.xcconfig */ = {isa = PBXFileReference; includeInIndex = 1; lastKnownFileType = text.xcconfig; name = "Pods-LabTests.debug.xcconfig"; path = "Pods/Target Support Files/Pods-LabTests/Pods-LabTests.debug.xcconfig"; sourceTree = "<group>"; };
		C24211AE2195210BC3C0485F /* Pods-LabTests.release.xcconfig */ = {isa = PBXFileReference; includeInIndex = 1; lastKnownFileType = text.xcconfig; name = "Pods-LabTests.release.xcconfig"; path = "Pods/Target Support Files/Pods-LabTests/Pods-LabTests.release.xcconfig"; sourceTree = "<group>"; };
/* End PBXFileReference section */

/* Begin PBXFrameworksBuildPhase section */
		B6ADBD522131C34B00F8C5AF /* Frameworks */ = {
			isa = PBXFrameworksBuildPhase;
			buildActionMask = 2147483647;
			files = (
				D6C5A491C94545D4F87328D2 /* Pods_Lab.framework in Frameworks */,
			);
			runOnlyForDeploymentPostprocessing = 0;
		};
		B6ADBD682131C34C00F8C5AF /* Frameworks */ = {
			isa = PBXFrameworksBuildPhase;
			buildActionMask = 2147483647;
			files = (
				8AE2426DE7675BC8966A5E83 /* Pods_LabTests.framework in Frameworks */,
			);
			runOnlyForDeploymentPostprocessing = 0;
		};
		B6ADBD732131C34C00F8C5AF /* Frameworks */ = {
			isa = PBXFrameworksBuildPhase;
			buildActionMask = 2147483647;
			files = (
				852CEA23F2C75C2630DC7B87 /* Pods_LabUITests.framework in Frameworks */,
			);
			runOnlyForDeploymentPostprocessing = 0;
		};
/* End PBXFrameworksBuildPhase section */

/* Begin PBXGroup section */
		2110B40D52D35BA1F18CAF37 /* Frameworks */ = {
			isa = PBXGroup;
			children = (
				2AAFDFF2D08439BC97A34E21 /* Pods_Lab.framework */,
				7F2FDAEE1DC28DBD35F6D5A9 /* Pods_LabTests.framework */,
				66E378DC10DE8DCA4F7D05F3 /* Pods_LabUITests.framework */,
			);
			name = Frameworks;
			sourceTree = "<group>";
		};
		52219F43393108323E8041BC /* Pods */ = {
			isa = PBXGroup;
			children = (
				17447DBA97853C4F8B793BCE /* Pods-Lab.debug.xcconfig */,
				6FBA401EA87D25F21D607CF6 /* Pods-Lab.release.xcconfig */,
				BC32BEDD4625E2CF6112232E /* Pods-LabTests.debug.xcconfig */,
				C24211AE2195210BC3C0485F /* Pods-LabTests.release.xcconfig */,
				6717FEEE8E06359729D00DFA /* Pods-LabUITests.debug.xcconfig */,
				308E0DBC4AB32FD1083CA539 /* Pods-LabUITests.release.xcconfig */,
			);
			name = Pods;
			sourceTree = "<group>";
		};
		B665A4B52131C68600CEF9D8 /* Extension */ = {
			isa = PBXGroup;
			children = (
				B665A4B32131C68300CEF9D8 /* Extension.swift */,
			);
			path = Extension;
			sourceTree = "<group>";
		};
		B665A4B62131C68E00CEF9D8 /* Views */ = {
			isa = PBXGroup;
			children = (
				B61218A421387DB70081AC97 /* EarthNodeClass.swift */,
				B65F1EF2213C4E4D008F0373 /* WarriorNodeClass.swift */,
			);
			path = Views;
			sourceTree = "<group>";
		};
		B665A4B72131C69200CEF9D8 /* Model */ = {
			isa = PBXGroup;
			children = (
				B612189E213855390081AC97 /* Setup.swift */,
				B65F1EF4213C59B7008F0373 /* File.swift */,
			);
			path = Model;
			sourceTree = "<group>";
		};
		B665A4B82131C69900CEF9D8 /* Controllers */ = {
			isa = PBXGroup;
			children = (
				B6ADBD582131C34B00F8C5AF /* AppDelegate.swift */,
				B6ADBD5C2131C34B00F8C5AF /* ViewController.swift */,
				B612189C213838690081AC97 /* TutorialViewController.swift */,
				B61218A021387BED0081AC97 /* Particles.scnp */,
				B61218A121387BED0081AC97 /* star.png */,
			);
			path = Controllers;
			sourceTree = "<group>";
		};
		B6ADBD4C2131C34B00F8C5AF = {
			isa = PBXGroup;
			children = (
				B6ADBD572131C34B00F8C5AF /* Lab */,
				B6ADBD6E2131C34C00F8C5AF /* LabTests */,
				B6ADBD792131C34C00F8C5AF /* LabUITests */,
				B6ADBD562131C34B00F8C5AF /* Products */,
				52219F43393108323E8041BC /* Pods */,
				2110B40D52D35BA1F18CAF37 /* Frameworks */,
			);
			sourceTree = "<group>";
		};
		B6ADBD562131C34B00F8C5AF /* Products */ = {
			isa = PBXGroup;
			children = (
				B6ADBD552131C34B00F8C5AF /* Lab.app */,
				B6ADBD6B2131C34C00F8C5AF /* LabTests.xctest */,
				B6ADBD762131C34C00F8C5AF /* LabUITests.xctest */,
			);
			name = Products;
			sourceTree = "<group>";
		};
		B6ADBD572131C34B00F8C5AF /* Lab */ = {
			isa = PBXGroup;
			children = (
				B665A4B72131C69200CEF9D8 /* Model */,
				B665A4B62131C68E00CEF9D8 /* Views */,
				B665A4B82131C69900CEF9D8 /* Controllers */,
				B665A4B52131C68600CEF9D8 /* Extension */,
				B6ADBD5A2131C34B00F8C5AF /* art.scnassets */,
				B6ADBD5E2131C34B00F8C5AF /* Main.storyboard */,
				B6ADBD612131C34C00F8C5AF /* Assets.xcassets */,
				B6ADBD632131C34C00F8C5AF /* LaunchScreen.storyboard */,
				B6ADBD662131C34C00F8C5AF /* Info.plist */,
			);
			path = Lab;
			sourceTree = "<group>";
		};
		B6ADBD6E2131C34C00F8C5AF /* LabTests */ = {
			isa = PBXGroup;
			children = (
				B6ADBD6F2131C34C00F8C5AF /* LabTests.swift */,
				B6ADBD712131C34C00F8C5AF /* Info.plist */,
			);
			path = LabTests;
			sourceTree = "<group>";
		};
		B6ADBD792131C34C00F8C5AF /* LabUITests */ = {
			isa = PBXGroup;
			children = (
				B6ADBD7A2131C34C00F8C5AF /* LabUITests.swift */,
				B6ADBD7C2131C34C00F8C5AF /* Info.plist */,
			);
			path = LabUITests;
			sourceTree = "<group>";
		};
/* End PBXGroup section */

/* Begin PBXNativeTarget section */
		B6ADBD542131C34B00F8C5AF /* Lab */ = {
			isa = PBXNativeTarget;
			buildConfigurationList = B6ADBD7F2131C34C00F8C5AF /* Build configuration list for PBXNativeTarget "Lab" */;
			buildPhases = (
				247F85E1532C46D4991FC1F4 /* [CP] Check Pods Manifest.lock */,
				B6ADBD512131C34B00F8C5AF /* Sources */,
				B6ADBD522131C34B00F8C5AF /* Frameworks */,
				B6ADBD532131C34B00F8C5AF /* Resources */,
				A215664246711E5D019E5752 /* [CP] Embed Pods Frameworks */,
				977AC513285F7150CCC6C8D0 /* [CP] Copy Pods Resources */,
			);
			buildRules = (
			);
			dependencies = (
			);
			name = Lab;
			productName = Lab;
			productReference = B6ADBD552131C34B00F8C5AF /* Lab.app */;
			productType = "com.apple.product-type.application";
		};
		B6ADBD6A2131C34C00F8C5AF /* LabTests */ = {
			isa = PBXNativeTarget;
			buildConfigurationList = B6ADBD822131C34C00F8C5AF /* Build configuration list for PBXNativeTarget "LabTests" */;
			buildPhases = (
				EC25288F93811171F5B99BEA /* [CP] Check Pods Manifest.lock */,
				B6ADBD672131C34C00F8C5AF /* Sources */,
				B6ADBD682131C34C00F8C5AF /* Frameworks */,
				B6ADBD692131C34C00F8C5AF /* Resources */,
				61227163D369013011DCF7BF /* [CP] Embed Pods Frameworks */,
				E75B16511B79197F1511B47D /* [CP] Copy Pods Resources */,
			);
			buildRules = (
			);
			dependencies = (
				B6ADBD6D2131C34C00F8C5AF /* PBXTargetDependency */,
			);
			name = LabTests;
			productName = LabTests;
			productReference = B6ADBD6B2131C34C00F8C5AF /* LabTests.xctest */;
			productType = "com.apple.product-type.bundle.unit-test";
		};
		B6ADBD752131C34C00F8C5AF /* LabUITests */ = {
			isa = PBXNativeTarget;
			buildConfigurationList = B6ADBD852131C34C00F8C5AF /* Build configuration list for PBXNativeTarget "LabUITests" */;
			buildPhases = (
				7296EFECC67D2E861456BE05 /* [CP] Check Pods Manifest.lock */,
				B6ADBD722131C34C00F8C5AF /* Sources */,
				B6ADBD732131C34C00F8C5AF /* Frameworks */,
				B6ADBD742131C34C00F8C5AF /* Resources */,
				102CDA794DD84B2DE7229E74 /* [CP] Embed Pods Frameworks */,
				3D347512D25B12BD9D84164B /* [CP] Copy Pods Resources */,
			);
			buildRules = (
			);
			dependencies = (
				B6ADBD782131C34C00F8C5AF /* PBXTargetDependency */,
			);
			name = LabUITests;
			productName = LabUITests;
			productReference = B6ADBD762131C34C00F8C5AF /* LabUITests.xctest */;
			productType = "com.apple.product-type.bundle.ui-testing";
		};
/* End PBXNativeTarget section */

/* Begin PBXProject section */
		B6ADBD4D2131C34B00F8C5AF /* Project object */ = {
			isa = PBXProject;
			attributes = {
				LastSwiftUpdateCheck = 0940;
				LastUpgradeCheck = 0940;
				ORGANIZATIONNAME = "Akezhan Mussa";
				TargetAttributes = {
					B6ADBD542131C34B00F8C5AF = {
						CreatedOnToolsVersion = 9.4.1;
					};
					B6ADBD6A2131C34C00F8C5AF = {
						CreatedOnToolsVersion = 9.4.1;
						TestTargetID = B6ADBD542131C34B00F8C5AF;
					};
					B6ADBD752131C34C00F8C5AF = {
						CreatedOnToolsVersion = 9.4.1;
						TestTargetID = B6ADBD542131C34B00F8C5AF;
					};
				};
			};
			buildConfigurationList = B6ADBD502131C34B00F8C5AF /* Build configuration list for PBXProject "Lab" */;
			compatibilityVersion = "Xcode 9.3";
			developmentRegion = en;
			hasScannedForEncodings = 0;
			knownRegions = (
				en,
				Base,
			);
			mainGroup = B6ADBD4C2131C34B00F8C5AF;
			productRefGroup = B6ADBD562131C34B00F8C5AF /* Products */;
			projectDirPath = "";
			projectRoot = "";
			targets = (
				B6ADBD542131C34B00F8C5AF /* Lab */,
				B6ADBD6A2131C34C00F8C5AF /* LabTests */,
				B6ADBD752131C34C00F8C5AF /* LabUITests */,
			);
		};
/* End PBXProject section */

/* Begin PBXResourcesBuildPhase section */
		B6ADBD532131C34B00F8C5AF /* Resources */ = {
			isa = PBXResourcesBuildPhase;
			buildActionMask = 2147483647;
			files = (
				B6ADBD5B2131C34B00F8C5AF /* art.scnassets in Resources */,
				B6ADBD652131C34C00F8C5AF /* LaunchScreen.storyboard in Resources */,
				B6ADBD622131C34C00F8C5AF /* Assets.xcassets in Resources */,
				B61218A221387BED0081AC97 /* Particles.scnp in Resources */,
				B6ADBD602131C34B00F8C5AF /* Main.storyboard in Resources */,
				B61218A321387BED0081AC97 /* star.png in Resources */,
			);
			runOnlyForDeploymentPostprocessing = 0;
		};
		B6ADBD692131C34C00F8C5AF /* Resources */ = {
			isa = PBXResourcesBuildPhase;
			buildActionMask = 2147483647;
			files = (
			);
			runOnlyForDeploymentPostprocessing = 0;
		};
		B6ADBD742131C34C00F8C5AF /* Resources */ = {
			isa = PBXResourcesBuildPhase;
			buildActionMask = 2147483647;
			files = (
			);
			runOnlyForDeploymentPostprocessing = 0;
		};
/* End PBXResourcesBuildPhase section */

/* Begin PBXShellScriptBuildPhase section */
		102CDA794DD84B2DE7229E74 /* [CP] Embed Pods Frameworks */ = {
			isa = PBXShellScriptBuildPhase;
			buildActionMask = 2147483647;
			files = (
			);
			inputPaths = (
			);
			name = "[CP] Embed Pods Frameworks";
			outputPaths = (
			);
			runOnlyForDeploymentPostprocessing = 0;
			shellPath = /bin/sh;
			shellScript = "\"${SRCROOT}/Pods/Target Support Files/Pods-LabUITests/Pods-LabUITests-frameworks.sh\"\n";
			showEnvVarsInLog = 0;
		};
		247F85E1532C46D4991FC1F4 /* [CP] Check Pods Manifest.lock */ = {
			isa = PBXShellScriptBuildPhase;
			buildActionMask = 2147483647;
			files = (
			);
			inputPaths = (
				"${PODS_PODFILE_DIR_PATH}/Podfile.lock",
				"${PODS_ROOT}/Manifest.lock",
			);
			name = "[CP] Check Pods Manifest.lock";
			outputPaths = (
				"$(DERIVED_FILE_DIR)/Pods-Lab-checkManifestLockResult.txt",
			);
			runOnlyForDeploymentPostprocessing = 0;
			shellPath = /bin/sh;
			shellScript = "diff \"${PODS_PODFILE_DIR_PATH}/Podfile.lock\" \"${PODS_ROOT}/Manifest.lock\" > /dev/null\nif [ $? != 0 ] ; then\n    # print error to STDERR\n    echo \"error: The sandbox is not in sync with the Podfile.lock. Run 'pod install' or update your CocoaPods installation.\" >&2\n    exit 1\nfi\n# This output is used by Xcode 'outputs' to avoid re-running this script phase.\necho \"SUCCESS\" > \"${SCRIPT_OUTPUT_FILE_0}\"\n";
			showEnvVarsInLog = 0;
		};
		3D347512D25B12BD9D84164B /* [CP] Copy Pods Resources */ = {
			isa = PBXShellScriptBuildPhase;
			buildActionMask = 2147483647;
			files = (
			);
			inputPaths = (
			);
			name = "[CP] Copy Pods Resources";
			outputPaths = (
			);
			runOnlyForDeploymentPostprocessing = 0;
			shellPath = /bin/sh;
			shellScript = "\"${SRCROOT}/Pods/Target Support Files/Pods-LabUITests/Pods-LabUITests-resources.sh\"\n";
			showEnvVarsInLog = 0;
		};
		61227163D369013011DCF7BF /* [CP] Embed Pods Frameworks */ = {
			isa = PBXShellScriptBuildPhase;
			buildActionMask = 2147483647;
			files = (
			);
			inputPaths = (
			);
			name = "[CP] Embed Pods Frameworks";
			outputPaths = (
			);
			runOnlyForDeploymentPostprocessing = 0;
			shellPath = /bin/sh;
			shellScript = "\"${SRCROOT}/Pods/Target Support Files/Pods-LabTests/Pods-LabTests-frameworks.sh\"\n";
			showEnvVarsInLog = 0;
		};
		7296EFECC67D2E861456BE05 /* [CP] Check Pods Manifest.lock */ = {
			isa = PBXShellScriptBuildPhase;
			buildActionMask = 2147483647;
			files = (
			);
			inputPaths = (
				"${PODS_PODFILE_DIR_PATH}/Podfile.lock",
				"${PODS_ROOT}/Manifest.lock",
			);
			name = "[CP] Check Pods Manifest.lock";
			outputPaths = (
				"$(DERIVED_FILE_DIR)/Pods-LabUITests-checkManifestLockResult.txt",
			);
			runOnlyForDeploymentPostprocessing = 0;
			shellPath = /bin/sh;
			shellScript = "diff \"${PODS_PODFILE_DIR_PATH}/Podfile.lock\" \"${PODS_ROOT}/Manifest.lock\" > /dev/null\nif [ $? != 0 ] ; then\n    # print error to STDERR\n    echo \"error: The sandbox is not in sync with the Podfile.lock. Run 'pod install' or update your CocoaPods installation.\" >&2\n    exit 1\nfi\n# This output is used by Xcode 'outputs' to avoid re-running this script phase.\necho \"SUCCESS\" > \"${SCRIPT_OUTPUT_FILE_0}\"\n";
			showEnvVarsInLog = 0;
		};
		977AC513285F7150CCC6C8D0 /* [CP] Copy Pods Resources */ = {
			isa = PBXShellScriptBuildPhase;
			buildActionMask = 2147483647;
			files = (
			);
			inputPaths = (
			);
			name = "[CP] Copy Pods Resources";
			outputPaths = (
			);
			runOnlyForDeploymentPostprocessing = 0;
			shellPath = /bin/sh;
			shellScript = "\"${SRCROOT}/Pods/Target Support Files/Pods-Lab/Pods-Lab-resources.sh\"\n";
			showEnvVarsInLog = 0;
		};
		A215664246711E5D019E5752 /* [CP] Embed Pods Frameworks */ = {
			isa = PBXShellScriptBuildPhase;
			buildActionMask = 2147483647;
			files = (
			);
			inputPaths = (
				"${SRCROOT}/Pods/Target Support Files/Pods-Lab/Pods-Lab-frameworks.sh",
				"${BUILT_PRODUCTS_DIR}/EasyPeasy/EasyPeasy.framework",
			);
			name = "[CP] Embed Pods Frameworks";
			outputPaths = (
				"${TARGET_BUILD_DIR}/${FRAMEWORKS_FOLDER_PATH}/EasyPeasy.framework",
			);
			runOnlyForDeploymentPostprocessing = 0;
			shellPath = /bin/sh;
			shellScript = "\"${SRCROOT}/Pods/Target Support Files/Pods-Lab/Pods-Lab-frameworks.sh\"\n";
			showEnvVarsInLog = 0;
		};
		E75B16511B79197F1511B47D /* [CP] Copy Pods Resources */ = {
			isa = PBXShellScriptBuildPhase;
			buildActionMask = 2147483647;
			files = (
			);
			inputPaths = (
			);
			name = "[CP] Copy Pods Resources";
			outputPaths = (
			);
			runOnlyForDeploymentPostprocessing = 0;
			shellPath = /bin/sh;
			shellScript = "\"${SRCROOT}/Pods/Target Support Files/Pods-LabTests/Pods-LabTests-resources.sh\"\n";
			showEnvVarsInLog = 0;
		};
		EC25288F93811171F5B99BEA /* [CP] Check Pods Manifest.lock */ = {
			isa = PBXShellScriptBuildPhase;
			buildActionMask = 2147483647;
			files = (
			);
			inputPaths = (
				"${PODS_PODFILE_DIR_PATH}/Podfile.lock",
				"${PODS_ROOT}/Manifest.lock",
			);
			name = "[CP] Check Pods Manifest.lock";
			outputPaths = (
				"$(DERIVED_FILE_DIR)/Pods-LabTests-checkManifestLockResult.txt",
			);
			runOnlyForDeploymentPostprocessing = 0;
			shellPath = /bin/sh;
			shellScript = "diff \"${PODS_PODFILE_DIR_PATH}/Podfile.lock\" \"${PODS_ROOT}/Manifest.lock\" > /dev/null\nif [ $? != 0 ] ; then\n    # print error to STDERR\n    echo \"error: The sandbox is not in sync with the Podfile.lock. Run 'pod install' or update your CocoaPods installation.\" >&2\n    exit 1\nfi\n# This output is used by Xcode 'outputs' to avoid re-running this script phase.\necho \"SUCCESS\" > \"${SCRIPT_OUTPUT_FILE_0}\"\n";
			showEnvVarsInLog = 0;
		};
/* End PBXShellScriptBuildPhase section */

/* Begin PBXSourcesBuildPhase section */
		B6ADBD512131C34B00F8C5AF /* Sources */ = {
			isa = PBXSourcesBuildPhase;
			buildActionMask = 2147483647;
			files = (
				B65F1EF3213C4E4D008F0373 /* WarriorNodeClass.swift in Sources */,
				B665A4B42131C68300CEF9D8 /* Extension.swift in Sources */,
				B61218A521387DB70081AC97 /* EarthNodeClass.swift in Sources */,
				B6ADBD5D2131C34B00F8C5AF /* ViewController.swift in Sources */,
				B612189D213838690081AC97 /* TutorialViewController.swift in Sources */,
				B65F1EF5213C59B7008F0373 /* File.swift in Sources */,
				B612189F213855390081AC97 /* Setup.swift in Sources */,
				B6ADBD592131C34B00F8C5AF /* AppDelegate.swift in Sources */,
			);
			runOnlyForDeploymentPostprocessing = 0;
		};
		B6ADBD672131C34C00F8C5AF /* Sources */ = {
			isa = PBXSourcesBuildPhase;
			buildActionMask = 2147483647;
			files = (
				B6ADBD702131C34C00F8C5AF /* LabTests.swift in Sources */,
			);
			runOnlyForDeploymentPostprocessing = 0;
		};
		B6ADBD722131C34C00F8C5AF /* Sources */ = {
			isa = PBXSourcesBuildPhase;
			buildActionMask = 2147483647;
			files = (
				B6ADBD7B2131C34C00F8C5AF /* LabUITests.swift in Sources */,
			);
			runOnlyForDeploymentPostprocessing = 0;
		};
/* End PBXSourcesBuildPhase section */

/* Begin PBXTargetDependency section */
		B6ADBD6D2131C34C00F8C5AF /* PBXTargetDependency */ = {
			isa = PBXTargetDependency;
			target = B6ADBD542131C34B00F8C5AF /* Lab */;
			targetProxy = B6ADBD6C2131C34C00F8C5AF /* PBXContainerItemProxy */;
		};
		B6ADBD782131C34C00F8C5AF /* PBXTargetDependency */ = {
			isa = PBXTargetDependency;
			target = B6ADBD542131C34B00F8C5AF /* Lab */;
			targetProxy = B6ADBD772131C34C00F8C5AF /* PBXContainerItemProxy */;
		};
/* End PBXTargetDependency section */

/* Begin PBXVariantGroup section */
		B6ADBD5E2131C34B00F8C5AF /* Main.storyboard */ = {
			isa = PBXVariantGroup;
			children = (
				B6ADBD5F2131C34B00F8C5AF /* Base */,
			);
			name = Main.storyboard;
			sourceTree = "<group>";
		};
		B6ADBD632131C34C00F8C5AF /* LaunchScreen.storyboard */ = {
			isa = PBXVariantGroup;
			children = (
				B6ADBD642131C34C00F8C5AF /* Base */,
			);
			name = LaunchScreen.storyboard;
			sourceTree = "<group>";
		};
/* End PBXVariantGroup section */

/* Begin XCBuildConfiguration section */
		B6ADBD7D2131C34C00F8C5AF /* Debug */ = {
			isa = XCBuildConfiguration;
			buildSettings = {
				ALWAYS_SEARCH_USER_PATHS = NO;
				CLANG_ANALYZER_NONNULL = YES;
				CLANG_ANALYZER_NUMBER_OBJECT_CONVERSION = YES_AGGRESSIVE;
				CLANG_CXX_LANGUAGE_STANDARD = "gnu++14";
				CLANG_CXX_LIBRARY = "libc++";
				CLANG_ENABLE_MODULES = YES;
				CLANG_ENABLE_OBJC_ARC = YES;
				CLANG_ENABLE_OBJC_WEAK = YES;
				CLANG_WARN_BLOCK_CAPTURE_AUTORELEASING = YES;
				CLANG_WARN_BOOL_CONVERSION = YES;
				CLANG_WARN_COMMA = YES;
				CLANG_WARN_CONSTANT_CONVERSION = YES;
				CLANG_WARN_DEPRECATED_OBJC_IMPLEMENTATIONS = YES;
				CLANG_WARN_DIRECT_OBJC_ISA_USAGE = YES_ERROR;
				CLANG_WARN_DOCUMENTATION_COMMENTS = YES;
				CLANG_WARN_EMPTY_BODY = YES;
				CLANG_WARN_ENUM_CONVERSION = YES;
				CLANG_WARN_INFINITE_RECURSION = YES;
				CLANG_WARN_INT_CONVERSION = YES;
				CLANG_WARN_NON_LITERAL_NULL_CONVERSION = YES;
				CLANG_WARN_OBJC_IMPLICIT_RETAIN_SELF = YES;
				CLANG_WARN_OBJC_LITERAL_CONVERSION = YES;
				CLANG_WARN_OBJC_ROOT_CLASS = YES_ERROR;
				CLANG_WARN_RANGE_LOOP_ANALYSIS = YES;
				CLANG_WARN_STRICT_PROTOTYPES = YES;
				CLANG_WARN_SUSPICIOUS_MOVE = YES;
				CLANG_WARN_UNGUARDED_AVAILABILITY = YES_AGGRESSIVE;
				CLANG_WARN_UNREACHABLE_CODE = YES;
				CLANG_WARN__DUPLICATE_METHOD_MATCH = YES;
				CODE_SIGN_IDENTITY = "iPhone Developer";
				COPY_PHASE_STRIP = NO;
				DEBUG_INFORMATION_FORMAT = dwarf;
				ENABLE_STRICT_OBJC_MSGSEND = YES;
				ENABLE_TESTABILITY = YES;
				GCC_C_LANGUAGE_STANDARD = gnu11;
				GCC_DYNAMIC_NO_PIC = NO;
				GCC_NO_COMMON_BLOCKS = YES;
				GCC_OPTIMIZATION_LEVEL = 0;
				GCC_PREPROCESSOR_DEFINITIONS = (
					"DEBUG=1",
					"$(inherited)",
				);
				GCC_WARN_64_TO_32_BIT_CONVERSION = YES;
				GCC_WARN_ABOUT_RETURN_TYPE = YES_ERROR;
				GCC_WARN_UNDECLARED_SELECTOR = YES;
				GCC_WARN_UNINITIALIZED_AUTOS = YES_AGGRESSIVE;
				GCC_WARN_UNUSED_FUNCTION = YES;
				GCC_WARN_UNUSED_VARIABLE = YES;
				IPHONEOS_DEPLOYMENT_TARGET = 11.4;
				MTL_ENABLE_DEBUG_INFO = YES;
				ONLY_ACTIVE_ARCH = YES;
				SDKROOT = iphoneos;
				SWIFT_ACTIVE_COMPILATION_CONDITIONS = DEBUG;
				SWIFT_OPTIMIZATION_LEVEL = "-Onone";
			};
			name = Debug;
		};
		B6ADBD7E2131C34C00F8C5AF /* Release */ = {
			isa = XCBuildConfiguration;
			buildSettings = {
				ALWAYS_SEARCH_USER_PATHS = NO;
				CLANG_ANALYZER_NONNULL = YES;
				CLANG_ANALYZER_NUMBER_OBJECT_CONVERSION = YES_AGGRESSIVE;
				CLANG_CXX_LANGUAGE_STANDARD = "gnu++14";
				CLANG_CXX_LIBRARY = "libc++";
				CLANG_ENABLE_MODULES = YES;
				CLANG_ENABLE_OBJC_ARC = YES;
				CLANG_ENABLE_OBJC_WEAK = YES;
				CLANG_WARN_BLOCK_CAPTURE_AUTORELEASING = YES;
				CLANG_WARN_BOOL_CONVERSION = YES;
				CLANG_WARN_COMMA = YES;
				CLANG_WARN_CONSTANT_CONVERSION = YES;
				CLANG_WARN_DEPRECATED_OBJC_IMPLEMENTATIONS = YES;
				CLANG_WARN_DIRECT_OBJC_ISA_USAGE = YES_ERROR;
				CLANG_WARN_DOCUMENTATION_COMMENTS = YES;
				CLANG_WARN_EMPTY_BODY = YES;
				CLANG_WARN_ENUM_CONVERSION = YES;
				CLANG_WARN_INFINITE_RECURSION = YES;
				CLANG_WARN_INT_CONVERSION = YES;
				CLANG_WARN_NON_LITERAL_NULL_CONVERSION = YES;
				CLANG_WARN_OBJC_IMPLICIT_RETAIN_SELF = YES;
				CLANG_WARN_OBJC_LITERAL_CONVERSION = YES;
				CLANG_WARN_OBJC_ROOT_CLASS = YES_ERROR;
				CLANG_WARN_RANGE_LOOP_ANALYSIS = YES;
				CLANG_WARN_STRICT_PROTOTYPES = YES;
				CLANG_WARN_SUSPICIOUS_MOVE = YES;
				CLANG_WARN_UNGUARDED_AVAILABILITY = YES_AGGRESSIVE;
				CLANG_WARN_UNREACHABLE_CODE = YES;
				CLANG_WARN__DUPLICATE_METHOD_MATCH = YES;
				CODE_SIGN_IDENTITY = "iPhone Developer";
				COPY_PHASE_STRIP = NO;
				DEBUG_INFORMATION_FORMAT = "dwarf-with-dsym";
				ENABLE_NS_ASSERTIONS = NO;
				ENABLE_STRICT_OBJC_MSGSEND = YES;
				GCC_C_LANGUAGE_STANDARD = gnu11;
				GCC_NO_COMMON_BLOCKS = YES;
				GCC_WARN_64_TO_32_BIT_CONVERSION = YES;
				GCC_WARN_ABOUT_RETURN_TYPE = YES_ERROR;
				GCC_WARN_UNDECLARED_SELECTOR = YES;
				GCC_WARN_UNINITIALIZED_AUTOS = YES_AGGRESSIVE;
				GCC_WARN_UNUSED_FUNCTION = YES;
				GCC_WARN_UNUSED_VARIABLE = YES;
				IPHONEOS_DEPLOYMENT_TARGET = 11.4;
				MTL_ENABLE_DEBUG_INFO = NO;
				SDKROOT = iphoneos;
				SWIFT_COMPILATION_MODE = wholemodule;
				SWIFT_OPTIMIZATION_LEVEL = "-O";
				VALIDATE_PRODUCT = YES;
			};
			name = Release;
		};
		B6ADBD802131C34C00F8C5AF /* Debug */ = {
			isa = XCBuildConfiguration;
			baseConfigurationReference = 17447DBA97853C4F8B793BCE /* Pods-Lab.debug.xcconfig */;
			buildSettings = {
				ASSETCATALOG_COMPILER_APPICON_NAME = AppIcon;
				CODE_SIGN_STYLE = Automatic;
				DEVELOPMENT_TEAM = WS28MRTTJ7;
				INFOPLIST_FILE = Lab/Info.plist;
				LD_RUNPATH_SEARCH_PATHS = (
					"$(inherited)",
					"@executable_path/Frameworks",
				);
				PRODUCT_BUNDLE_IDENTIFIER = akezhan.mussa.Lab;
				PRODUCT_NAME = "$(TARGET_NAME)";
				SWIFT_VERSION = 4.0;
				TARGETED_DEVICE_FAMILY = "1,2";
			};
			name = Debug;
		};
		B6ADBD812131C34C00F8C5AF /* Release */ = {
			isa = XCBuildConfiguration;
			baseConfigurationReference = 6FBA401EA87D25F21D607CF6 /* Pods-Lab.release.xcconfig */;
			buildSettings = {
				ASSETCATALOG_COMPILER_APPICON_NAME = AppIcon;
				CODE_SIGN_STYLE = Automatic;
				DEVELOPMENT_TEAM = WS28MRTTJ7;
				INFOPLIST_FILE = Lab/Info.plist;
				LD_RUNPATH_SEARCH_PATHS = (
					"$(inherited)",
					"@executable_path/Frameworks",
				);
				PRODUCT_BUNDLE_IDENTIFIER = akezhan.mussa.Lab;
				PRODUCT_NAME = "$(TARGET_NAME)";
				SWIFT_VERSION = 4.0;
				TARGETED_DEVICE_FAMILY = "1,2";
			};
			name = Release;
		};
		B6ADBD832131C34C00F8C5AF /* Debug */ = {
			isa = XCBuildConfiguration;
			baseConfigurationReference = BC32BEDD4625E2CF6112232E /* Pods-LabTests.debug.xcconfig */;
			buildSettings = {
				ALWAYS_EMBED_SWIFT_STANDARD_LIBRARIES = YES;
				BUNDLE_LOADER = "$(TEST_HOST)";
				CODE_SIGN_STYLE = Automatic;
				DEVELOPMENT_TEAM = WS28MRTTJ7;
				INFOPLIST_FILE = LabTests/Info.plist;
				LD_RUNPATH_SEARCH_PATHS = (
					"$(inherited)",
					"@executable_path/Frameworks",
					"@loader_path/Frameworks",
				);
				PRODUCT_BUNDLE_IDENTIFIER = akezhan.mussa.LabTests;
				PRODUCT_NAME = "$(TARGET_NAME)";
				SWIFT_VERSION = 4.0;
				TARGETED_DEVICE_FAMILY = "1,2";
				TEST_HOST = "$(BUILT_PRODUCTS_DIR)/Lab.app/Lab";
			};
			name = Debug;
		};
		B6ADBD842131C34C00F8C5AF /* Release */ = {
			isa = XCBuildConfiguration;
			baseConfigurationReference = C24211AE2195210BC3C0485F /* Pods-LabTests.release.xcconfig */;
			buildSettings = {
				ALWAYS_EMBED_SWIFT_STANDARD_LIBRARIES = YES;
				BUNDLE_LOADER = "$(TEST_HOST)";
				CODE_SIGN_STYLE = Automatic;
				DEVELOPMENT_TEAM = WS28MRTTJ7;
				INFOPLIST_FILE = LabTests/Info.plist;
				LD_RUNPATH_SEARCH_PATHS = (
					"$(inherited)",
					"@executable_path/Frameworks",
					"@loader_path/Frameworks",
				);
				PRODUCT_BUNDLE_IDENTIFIER = akezhan.mussa.LabTests;
				PRODUCT_NAME = "$(TARGET_NAME)";
				SWIFT_VERSION = 4.0;
				TARGETED_DEVICE_FAMILY = "1,2";
				TEST_HOST = "$(BUILT_PRODUCTS_DIR)/Lab.app/Lab";
			};
			name = Release;
		};
		B6ADBD862131C34C00F8C5AF /* Debug */ = {
			isa = XCBuildConfiguration;
			baseConfigurationReference = 6717FEEE8E06359729D00DFA /* Pods-LabUITests.debug.xcconfig */;
			buildSettings = {
				ALWAYS_EMBED_SWIFT_STANDARD_LIBRARIES = YES;
				CODE_SIGN_STYLE = Automatic;
				DEVELOPMENT_TEAM = WS28MRTTJ7;
				INFOPLIST_FILE = LabUITests/Info.plist;
				LD_RUNPATH_SEARCH_PATHS = (
					"$(inherited)",
					"@executable_path/Frameworks",
					"@loader_path/Frameworks",
				);
				PRODUCT_BUNDLE_IDENTIFIER = akezhan.mussa.LabUITests;
				PRODUCT_NAME = "$(TARGET_NAME)";
				SWIFT_VERSION = 4.0;
				TARGETED_DEVICE_FAMILY = "1,2";
				TEST_TARGET_NAME = Lab;
			};
			name = Debug;
		};
		B6ADBD872131C34C00F8C5AF /* Release */ = {
			isa = XCBuildConfiguration;
			baseConfigurationReference = 308E0DBC4AB32FD1083CA539 /* Pods-LabUITests.release.xcconfig */;
			buildSettings = {
				ALWAYS_EMBED_SWIFT_STANDARD_LIBRARIES = YES;
				CODE_SIGN_STYLE = Automatic;
				DEVELOPMENT_TEAM = WS28MRTTJ7;
				INFOPLIST_FILE = LabUITests/Info.plist;
				LD_RUNPATH_SEARCH_PATHS = (
					"$(inherited)",
					"@executable_path/Frameworks",
					"@loader_path/Frameworks",
				);
				PRODUCT_BUNDLE_IDENTIFIER = akezhan.mussa.LabUITests;
				PRODUCT_NAME = "$(TARGET_NAME)";
				SWIFT_VERSION = 4.0;
				TARGETED_DEVICE_FAMILY = "1,2";
				TEST_TARGET_NAME = Lab;
			};
			name = Release;
		};
/* End XCBuildConfiguration section */

/* Begin XCConfigurationList section */
		B6ADBD502131C34B00F8C5AF /* Build configuration list for PBXProject "Lab" */ = {
			isa = XCConfigurationList;
			buildConfigurations = (
				B6ADBD7D2131C34C00F8C5AF /* Debug */,
				B6ADBD7E2131C34C00F8C5AF /* Release */,
			);
			defaultConfigurationIsVisible = 0;
			defaultConfigurationName = Release;
		};
		B6ADBD7F2131C34C00F8C5AF /* Build configuration list for PBXNativeTarget "Lab" */ = {
			isa = XCConfigurationList;
			buildConfigurations = (
				B6ADBD802131C34C00F8C5AF /* Debug */,
				B6ADBD812131C34C00F8C5AF /* Release */,
			);
			defaultConfigurationIsVisible = 0;
			defaultConfigurationName = Release;
		};
		B6ADBD822131C34C00F8C5AF /* Build configuration list for PBXNativeTarget "LabTests" */ = {
			isa = XCConfigurationList;
			buildConfigurations = (
				B6ADBD832131C34C00F8C5AF /* Debug */,
				B6ADBD842131C34C00F8C5AF /* Release */,
			);
			defaultConfigurationIsVisible = 0;
			defaultConfigurationName = Release;
		};
		B6ADBD852131C34C00F8C5AF /* Build configuration list for PBXNativeTarget "LabUITests" */ = {
			isa = XCConfigurationList;
			buildConfigurations = (
				B6ADBD862131C34C00F8C5AF /* Debug */,
				B6ADBD872131C34C00F8C5AF /* Release */,
			);
			defaultConfigurationIsVisible = 0;
			defaultConfigurationName = Release;
		};
/* End XCConfigurationList section */
	};
	rootObject = B6ADBD4D2131C34B00F8C5AF /* Project object */;
}
